
Microsoft Visual Studio Solution File, Format Version 12.00
# Visual Studio 15
VisualStudioVersion = 15.0.26430.14
MinimumVisualStudioVersion = 10.0.40219.1
Project("{FAE04EC0-301F-11D3-BF4B-00C04F79EFBC}") = "nBayes", "nBayes\nBayes.csproj", "{C6451E60-64BD-400B-A544-6BBF39CED084}"
EndProject
Project("{FAE04EC0-301F-11D3-BF4B-00C04F79EFBC}") = "nBayes.Sample", "nBayes.Sample\nBayes.Sample.csproj", "{C9F94601-2A3B-45E0-AD39-FEAC14859C57}"
EndProject
Global
	GlobalSection(SolutionConfigurationPlatforms) = preSolution
		Debug|Any CPU = Debug|Any CPU
		Release|Any CPU = Release|Any CPU
	EndGlobalSection
	GlobalSection(ProjectConfigurationPlatforms) = postSolution
		{C6451E60-64BD-400B-A544-6BBF39CED084}.Debug|Any CPU.ActiveCfg = Debug|Any CPU
		{C6451E60-64BD-400B-A544-6BBF39CED084}.Debug|Any CPU.Build.0 = Debug|Any CPU
		{C6451E60-64BD-400B-A544-6BBF39CED084}.Release|Any CPU.ActiveCfg = Release|Any CPU
		{C6451E60-64BD-400B-A544-6BBF39CED084}.Release|Any CPU.Build.0 = Release|Any CPU
		{C9F94601-2A3B-45E0-AD39-FEAC14859C57}.Debug|Any CPU.ActiveCfg = Debug|Any CPU
		{C9F94601-2A3B-45E0-AD39-FEAC14859C57}.Debug|Any CPU.Build.0 = Debug|Any CPU
		{C9F94601-2A3B-45E0-AD39-FEAC14859C57}.Release|Any CPU.ActiveCfg = Release|Any CPU
		{C9F94601-2A3B-45E0-AD39-FEAC14859C57}.Release|Any CPU.Build.0 = Release|Any CPU
	EndGlobalSection
	GlobalSection(SolutionProperties) = preSolution
		HideSolutionNode = FALSE
	EndGlobalSection
EndGlobal
